
Microsoft Visual Studio Solution File, Format Version 12.00
# Visual Studio 15
VisualStudioVersion = 15.0.28307.960
MinimumVisualStudioVersion = 10.0.40219.1
Project("{9A19103F-16F7-4668-BE54-9A1E7A4F7556}") = "HOC", "HOC\HOC.csproj", "{34BB46E3-B9F1-4EDC-837A-A6D574EF8BD6}"
EndProject
Project("{FAE04EC0-301F-11D3-BF4B-00C04F79EFBC}") = "HOC.Entity", "HOC.Entity\HOC.Entity.csproj", "{779CBD39-D2A5-4FA6-B6B6-903DF5A523CF}"
EndProject
Project("{FAE04EC0-301F-11D3-BF4B-00C04F79EFBC}") = "HOC.Test", "HAC.Test\HOC.Test.csproj", "{C4972B33-1C84-4471-9B36-892BB6723FD4}"
EndProject
Project("{FAE04EC0-301F-11D3-BF4B-00C04F79EFBC}") = "HOC.API", "HOC.API\HOC.API.csproj", "{1B4078EC-0F97-476C-B70A-1CC982B48FD9}"
EndProject
Project("{FAE04EC0-301F-11D3-BF4B-00C04F79EFBC}") = "HOC.EntityModel", "HOC.EntityModel\HOC.EntityModel.csproj", "{1DE3F84F-E2F9-4752-8EA0-993B65C2378F}"
EndProject
Global
	GlobalSection(SolutionConfigurationPlatforms) = preSolution
		Debug|Any CPU = Debug|Any CPU
		Release|Any CPU = Release|Any CPU
	EndGlobalSection
	GlobalSection(ProjectConfigurationPlatforms) = postSolution
		{34BB46E3-B9F1-4EDC-837A-A6D574EF8BD6}.Debug|Any CPU.ActiveCfg = Debug|Any CPU
		{34BB46E3-B9F1-4EDC-837A-A6D574EF8BD6}.Debug|Any CPU.Build.0 = Debug|Any CPU
		{34BB46E3-B9F1-4EDC-837A-A6D574EF8BD6}.Release|Any CPU.ActiveCfg = Release|Any CPU
		{34BB46E3-B9F1-4EDC-837A-A6D574EF8BD6}.Release|Any CPU.Build.0 = Release|Any CPU
		{779CBD39-D2A5-4FA6-B6B6-903DF5A523CF}.Debug|Any CPU.ActiveCfg = Debug|Any CPU
		{779CBD39-D2A5-4FA6-B6B6-903DF5A523CF}.Debug|Any CPU.Build.0 = Debug|Any CPU
		{779CBD39-D2A5-4FA6-B6B6-903DF5A523CF}.Release|Any CPU.ActiveCfg = Release|Any CPU
		{779CBD39-D2A5-4FA6-B6B6-903DF5A523CF}.Release|Any CPU.Build.0 = Release|Any CPU
		{C4972B33-1C84-4471-9B36-892BB6723FD4}.Debug|Any CPU.ActiveCfg = Debug|Any CPU
		{C4972B33-1C84-4471-9B36-892BB6723FD4}.Debug|Any CPU.Build.0 = Debug|Any CPU
		{C4972B33-1C84-4471-9B36-892BB6723FD4}.Release|Any CPU.ActiveCfg = Release|Any CPU
		{C4972B33-1C84-4471-9B36-892BB6723FD4}.Release|Any CPU.Build.0 = Release|Any CPU
		{1B4078EC-0F97-476C-B70A-1CC982B48FD9}.Debug|Any CPU.ActiveCfg = Debug|Any CPU
		{1B4078EC-0F97-476C-B70A-1CC982B48FD9}.Debug|Any CPU.Build.0 = Debug|Any CPU
		{1B4078EC-0F97-476C-B70A-1CC982B48FD9}.Release|Any CPU.ActiveCfg = Release|Any CPU
		{1B4078EC-0F97-476C-B70A-1CC982B48FD9}.Release|Any CPU.Build.0 = Release|Any CPU
		{1DE3F84F-E2F9-4752-8EA0-993B65C2378F}.Debug|Any CPU.ActiveCfg = Debug|Any CPU
		{1DE3F84F-E2F9-4752-8EA0-993B65C2378F}.Debug|Any CPU.Build.0 = Debug|Any CPU
		{1DE3F84F-E2F9-4752-8EA0-993B65C2378F}.Release|Any CPU.ActiveCfg = Release|Any CPU
		{1DE3F84F-E2F9-4752-8EA0-993B65C2378F}.Release|Any CPU.Build.0 = Release|Any CPU
	EndGlobalSection
	GlobalSection(SolutionProperties) = preSolution
		HideSolutionNode = FALSE
	EndGlobalSection
	GlobalSection(ExtensibilityGlobals) = postSolution
		SolutionGuid = {1F9D43E6-53C9-451D-A9F7-FB153DF03BF6}
	EndGlobalSection
EndGlobal
