
Microsoft Visual Studio Solution File, Format Version 12.00
# Visual Studio 15
VisualStudioVersion = 15.0.28307.960
MinimumVisualStudioVersion = 10.0.40219.1
Project("{9A19103F-16F7-4668-BE54-9A1E7A4F7556}") = "HOC", "HOC\HOC.csproj", "{34BB46E3-B9F1-4EDC-837A-A6D574EF8BD6}"
EndProject
Project("{9A19103F-16F7-4668-BE54-9A1E7A4F7556}") = "HOC.Test", "HAC.Test\HOC.Test.csproj", "{C4972B33-1C84-4471-9B36-892BB6723FD4}"
EndProject
Project("{9A19103F-16F7-4668-BE54-9A1E7A4F7556}") = "HOC.Entities", "HOC.Entities\HOC.Entities.csproj", "{D1642842-2F2A-410C-8C74-FB8EAEAB96D4}"
EndProject
Project("{9A19103F-16F7-4668-BE54-9A1E7A4F7556}") = "HOC.Services", "HOC.Services\HOC.Services.csproj", "{510E7747-DBC2-4D0D-B5D9-8BF755E72D95}"
EndProject
Global
	GlobalSection(SolutionConfigurationPlatforms) = preSolution
		Debug|Any CPU = Debug|Any CPU
		Release|Any CPU = Release|Any CPU
	EndGlobalSection
	GlobalSection(ProjectConfigurationPlatforms) = postSolution
		{34BB46E3-B9F1-4EDC-837A-A6D574EF8BD6}.Debug|Any CPU.ActiveCfg = Debug|Any CPU
		{34BB46E3-B9F1-4EDC-837A-A6D574EF8BD6}.Debug|Any CPU.Build.0 = Debug|Any CPU
		{34BB46E3-B9F1-4EDC-837A-A6D574EF8BD6}.Release|Any CPU.ActiveCfg = Release|Any CPU
		{34BB46E3-B9F1-4EDC-837A-A6D574EF8BD6}.Release|Any CPU.Build.0 = Release|Any CPU
		{C4972B33-1C84-4471-9B36-892BB6723FD4}.Debug|Any CPU.ActiveCfg = Debug|Any CPU
		{C4972B33-1C84-4471-9B36-892BB6723FD4}.Debug|Any CPU.Build.0 = Debug|Any CPU
		{C4972B33-1C84-4471-9B36-892BB6723FD4}.Release|Any CPU.ActiveCfg = Release|Any CPU
		{C4972B33-1C84-4471-9B36-892BB6723FD4}.Release|Any CPU.Build.0 = Release|Any CPU
		{D1642842-2F2A-410C-8C74-FB8EAEAB96D4}.Debug|Any CPU.ActiveCfg = Debug|Any CPU
		{D1642842-2F2A-410C-8C74-FB8EAEAB96D4}.Debug|Any CPU.Build.0 = Debug|Any CPU
		{D1642842-2F2A-410C-8C74-FB8EAEAB96D4}.Release|Any CPU.ActiveCfg = Release|Any CPU
		{D1642842-2F2A-410C-8C74-FB8EAEAB96D4}.Release|Any CPU.Build.0 = Release|Any CPU
		{510E7747-DBC2-4D0D-B5D9-8BF755E72D95}.Debug|Any CPU.ActiveCfg = Debug|Any CPU
		{510E7747-DBC2-4D0D-B5D9-8BF755E72D95}.Debug|Any CPU.Build.0 = Debug|Any CPU
		{510E7747-DBC2-4D0D-B5D9-8BF755E72D95}.Release|Any CPU.ActiveCfg = Release|Any CPU
		{510E7747-DBC2-4D0D-B5D9-8BF755E72D95}.Release|Any CPU.Build.0 = Release|Any CPU
	EndGlobalSection
	GlobalSection(SolutionProperties) = preSolution
		HideSolutionNode = FALSE
	EndGlobalSection
	GlobalSection(ExtensibilityGlobals) = postSolution
		SolutionGuid = {1F9D43E6-53C9-451D-A9F7-FB153DF03BF6}
	EndGlobalSection
EndGlobal
